Microsoft Visual Studio Solution File, Format Version 12.00
# Visual Studio Version 17
VisualStudioVersion = 17.0.31903.59
MinimumVisualStudioVersion = 10.0.40219.1
Project("{FAE04EC0-301F-11D3-BF4B-00C04F79EFBC}") = "peekwin", "src\peekwin.csproj", "{D2D254B7-0A43-4C4B-8B05-4C70D96D99A1}"
EndProject
Project("{2150E333-8FDC-42A3-9474-1A3956D46DE8}") = "tests", "tests", "{C41B1E90-8FA3-41D6-8B66-F85C40C4655F}"
EndProject
Project("{FAE04EC0-301F-11D3-BF4B-00C04F79EFBC}") = "PeekWin.DevChecks", "tests\PeekWin.DevChecks\PeekWin.DevChecks.csproj", "{1448EDD9-82FC-4F8B-BFE8-39EAC1CF3B61}"
EndProject
Global
	GlobalSection(SolutionConfigurationPlatforms) = preSolution
		Debug|Any CPU = Debug|Any CPU
		Release|Any CPU = Release|Any CPU
	EndGlobalSection
	GlobalSection(ProjectConfigurationPlatforms) = postSolution
		{D2D254B7-0A43-4C4B-8B05-4C70D96D99A1}.Debug|Any CPU.ActiveCfg = Debug|Any CPU
		{D2D254B7-0A43-4C4B-8B05-4C70D96D99A1}.Debug|Any CPU.Build.0 = Debug|Any CPU
		{D2D254B7-0A43-4C4B-8B05-4C70D96D99A1}.Release|Any CPU.ActiveCfg = Release|Any CPU
		{D2D254B7-0A43-4C4B-8B05-4C70D96D99A1}.Release|Any CPU.Build.0 = Release|Any CPU
		{1448EDD9-82FC-4F8B-BFE8-39EAC1CF3B61}.Debug|Any CPU.ActiveCfg = Debug|Any CPU
		{1448EDD9-82FC-4F8B-BFE8-39EAC1CF3B61}.Debug|Any CPU.Build.0 = Debug|Any CPU
		{1448EDD9-82FC-4F8B-BFE8-39EAC1CF3B61}.Release|Any CPU.ActiveCfg = Release|Any CPU
		{1448EDD9-82FC-4F8B-BFE8-39EAC1CF3B61}.Release|Any CPU.Build.0 = Release|Any CPU
	EndGlobalSection
	GlobalSection(SolutionProperties) = preSolution
		HideSolutionNode = FALSE
	EndGlobalSection
	GlobalSection(NestedProjects) = preSolution
		{1448EDD9-82FC-4F8B-BFE8-39EAC1CF3B61} = {C41B1E90-8FA3-41D6-8B66-F85C40C4655F}
	EndGlobalSection
EndGlobal
